
Microsoft Visual Studio Solution File, Format Version 12.00
# Visual Studio Version 16
VisualStudioVersion = 16.0.30717.126
MinimumVisualStudioVersion = 10.0.40219.1
Project("{FAE04EC0-301F-11D3-BF4B-00C04F79EFBC}") = "List", "List\List.csproj", "{9C331A5E-918C-4AC4-9EB4-B1F20E29BAA6}"
EndProject
Global
	GlobalSection(SolutionConfigurationPlatforms) = preSolution
		Debug|Any CPU = Debug|Any CPU
		Release|Any CPU = Release|Any CPU
	EndGlobalSection
	GlobalSection(ProjectConfigurationPlatforms) = postSolution
		{9C331A5E-918C-4AC4-9EB4-B1F20E29BAA6}.Debug|Any CPU.ActiveCfg = Debug|Any CPU
		{9C331A5E-918C-4AC4-9EB4-B1F20E29BAA6}.Debug|Any CPU.Build.0 = Debug|Any CPU
		{9C331A5E-918C-4AC4-9EB4-B1F20E29BAA6}.Release|Any CPU.ActiveCfg = Release|Any CPU
		{9C331A5E-918C-4AC4-9EB4-B1F20E29BAA6}.Release|Any CPU.Build.0 = Release|Any CPU
	EndGlobalSection
	GlobalSection(SolutionProperties) = preSolution
		HideSolutionNode = FALSE
	EndGlobalSection
	GlobalSection(ExtensibilityGlobals) = postSolution
		SolutionGuid = {13A55FA8-E2B7-4F5B-9292-5D618634B97A}
	EndGlobalSection
EndGlobal
