
Microsoft Visual Studio Solution File, Format Version 12.00
# Visual Studio Version 16
VisualStudioVersion = 16.0.30717.126
MinimumVisualStudioVersion = 10.0.40219.1
Project("{FAE04EC0-301F-11D3-BF4B-00C04F79EFBC}") = "findleapyear", "findleapyear\findleapyear.csproj", "{175E4D63-89C4-4AA8-BB99-A9DDBBAC99FD}"
EndProject
Global
	GlobalSection(SolutionConfigurationPlatforms) = preSolution
		Debug|Any CPU = Debug|Any CPU
		Release|Any CPU = Release|Any CPU
	EndGlobalSection
	GlobalSection(ProjectConfigurationPlatforms) = postSolution
		{175E4D63-89C4-4AA8-BB99-A9DDBBAC99FD}.Debug|Any CPU.ActiveCfg = Debug|Any CPU
		{175E4D63-89C4-4AA8-BB99-A9DDBBAC99FD}.Debug|Any CPU.Build.0 = Debug|Any CPU
		{175E4D63-89C4-4AA8-BB99-A9DDBBAC99FD}.Release|Any CPU.ActiveCfg = Release|Any CPU
		{175E4D63-89C4-4AA8-BB99-A9DDBBAC99FD}.Release|Any CPU.Build.0 = Release|Any CPU
	EndGlobalSection
	GlobalSection(SolutionProperties) = preSolution
		HideSolutionNode = FALSE
	EndGlobalSection
	GlobalSection(ExtensibilityGlobals) = postSolution
		SolutionGuid = {9FFD9D5F-3558-470D-AE11-8ABB7BDE8214}
	EndGlobalSection
EndGlobal
