
Microsoft Visual Studio Solution File, Format Version 12.00
# Visual Studio Version 16
VisualStudioVersion = 16.0.30717.126
MinimumVisualStudioVersion = 10.0.40219.1
Project("{FAE04EC0-301F-11D3-BF4B-00C04F79EFBC}") = "palindromeornot", "palindromeornot\palindromeornot.csproj", "{3B385868-318A-429E-B21A-94AA68C66432}"
EndProject
Global
	GlobalSection(SolutionConfigurationPlatforms) = preSolution
		Debug|Any CPU = Debug|Any CPU
		Release|Any CPU = Release|Any CPU
	EndGlobalSection
	GlobalSection(ProjectConfigurationPlatforms) = postSolution
		{3B385868-318A-429E-B21A-94AA68C66432}.Debug|Any CPU.ActiveCfg = Debug|Any CPU
		{3B385868-318A-429E-B21A-94AA68C66432}.Debug|Any CPU.Build.0 = Debug|Any CPU
		{3B385868-318A-429E-B21A-94AA68C66432}.Release|Any CPU.ActiveCfg = Release|Any CPU
		{3B385868-318A-429E-B21A-94AA68C66432}.Release|Any CPU.Build.0 = Release|Any CPU
	EndGlobalSection
	GlobalSection(SolutionProperties) = preSolution
		HideSolutionNode = FALSE
	EndGlobalSection
	GlobalSection(ExtensibilityGlobals) = postSolution
		SolutionGuid = {7F62EF4D-FB34-46D7-B278-8CD3C33C4D5A}
	EndGlobalSection
EndGlobal
