
Microsoft Visual Studio Solution File, Format Version 12.00
# Visual Studio Version 16
VisualStudioVersion = 16.0.30717.126
MinimumVisualStudioVersion = 10.0.40219.1
Project("{FAE04EC0-301F-11D3-BF4B-00C04F79EFBC}") = "getset", "getset\getset.csproj", "{BDA54344-50EF-4061-B4B9-9B5B10EB6BDD}"
EndProject
Global
	GlobalSection(SolutionConfigurationPlatforms) = preSolution
		Debug|Any CPU = Debug|Any CPU
		Release|Any CPU = Release|Any CPU
	EndGlobalSection
	GlobalSection(ProjectConfigurationPlatforms) = postSolution
		{BDA54344-50EF-4061-B4B9-9B5B10EB6BDD}.Debug|Any CPU.ActiveCfg = Debug|Any CPU
		{BDA54344-50EF-4061-B4B9-9B5B10EB6BDD}.Debug|Any CPU.Build.0 = Debug|Any CPU
		{BDA54344-50EF-4061-B4B9-9B5B10EB6BDD}.Release|Any CPU.ActiveCfg = Release|Any CPU
		{BDA54344-50EF-4061-B4B9-9B5B10EB6BDD}.Release|Any CPU.Build.0 = Release|Any CPU
	EndGlobalSection
	GlobalSection(SolutionProperties) = preSolution
		HideSolutionNode = FALSE
	EndGlobalSection
	GlobalSection(ExtensibilityGlobals) = postSolution
		SolutionGuid = {D4E355E6-8F22-433F-AD60-556A7D5988B3}
	EndGlobalSection
EndGlobal
