
Microsoft Visual Studio Solution File, Format Version 12.00
# Visual Studio Version 16
VisualStudioVersion = 16.0.30717.126
MinimumVisualStudioVersion = 10.0.40219.1
Project("{FAE04EC0-301F-11D3-BF4B-00C04F79EFBC}") = "multiplicationoftwomatrix", "multiplicationoftwomatrix\multiplicationoftwomatrix.csproj", "{F88CB06D-7895-43B2-841A-33D1C0D2FBB8}"
EndProject
Global
	GlobalSection(SolutionConfigurationPlatforms) = preSolution
		Debug|Any CPU = Debug|Any CPU
		Release|Any CPU = Release|Any CPU
	EndGlobalSection
	GlobalSection(ProjectConfigurationPlatforms) = postSolution
		{F88CB06D-7895-43B2-841A-33D1C0D2FBB8}.Debug|Any CPU.ActiveCfg = Debug|Any CPU
		{F88CB06D-7895-43B2-841A-33D1C0D2FBB8}.Debug|Any CPU.Build.0 = Debug|Any CPU
		{F88CB06D-7895-43B2-841A-33D1C0D2FBB8}.Release|Any CPU.ActiveCfg = Release|Any CPU
		{F88CB06D-7895-43B2-841A-33D1C0D2FBB8}.Release|Any CPU.Build.0 = Release|Any CPU
	EndGlobalSection
	GlobalSection(SolutionProperties) = preSolution
		HideSolutionNode = FALSE
	EndGlobalSection
	GlobalSection(ExtensibilityGlobals) = postSolution
		SolutionGuid = {B4717DC9-AFEC-4B12-9E57-905E2365E427}
	EndGlobalSection
EndGlobal
