
Microsoft Visual Studio Solution File, Format Version 12.00
# Visual Studio Version 16
VisualStudioVersion = 16.0.30717.126
MinimumVisualStudioVersion = 10.0.40219.1
Project("{FAE04EC0-301F-11D3-BF4B-00C04F79EFBC}") = "displaynaturalno", "displaynaturalno\displaynaturalno.csproj", "{FC510ECB-59B0-4675-A1D2-A46217A24BAD}"
EndProject
Global
	GlobalSection(SolutionConfigurationPlatforms) = preSolution
		Debug|Any CPU = Debug|Any CPU
		Release|Any CPU = Release|Any CPU
	EndGlobalSection
	GlobalSection(ProjectConfigurationPlatforms) = postSolution
		{FC510ECB-59B0-4675-A1D2-A46217A24BAD}.Debug|Any CPU.ActiveCfg = Debug|Any CPU
		{FC510ECB-59B0-4675-A1D2-A46217A24BAD}.Debug|Any CPU.Build.0 = Debug|Any CPU
		{FC510ECB-59B0-4675-A1D2-A46217A24BAD}.Release|Any CPU.ActiveCfg = Release|Any CPU
		{FC510ECB-59B0-4675-A1D2-A46217A24BAD}.Release|Any CPU.Build.0 = Release|Any CPU
	EndGlobalSection
	GlobalSection(SolutionProperties) = preSolution
		HideSolutionNode = FALSE
	EndGlobalSection
	GlobalSection(ExtensibilityGlobals) = postSolution
		SolutionGuid = {9675A8B2-5DC2-4A76-98F6-418D3AF576EC}
	EndGlobalSection
EndGlobal
