
Microsoft Visual Studio Solution File, Format Version 12.00
# Visual Studio Version 16
VisualStudioVersion = 16.0.30717.126
MinimumVisualStudioVersion = 10.0.40219.1
Project("{FAE04EC0-301F-11D3-BF4B-00C04F79EFBC}") = "Dictionary", "Dictionary\Dictionary.csproj", "{87FC29EE-418D-4B69-BA22-1A23D9B0279D}"
EndProject
Global
	GlobalSection(SolutionConfigurationPlatforms) = preSolution
		Debug|Any CPU = Debug|Any CPU
		Release|Any CPU = Release|Any CPU
	EndGlobalSection
	GlobalSection(ProjectConfigurationPlatforms) = postSolution
		{87FC29EE-418D-4B69-BA22-1A23D9B0279D}.Debug|Any CPU.ActiveCfg = Debug|Any CPU
		{87FC29EE-418D-4B69-BA22-1A23D9B0279D}.Debug|Any CPU.Build.0 = Debug|Any CPU
		{87FC29EE-418D-4B69-BA22-1A23D9B0279D}.Release|Any CPU.ActiveCfg = Release|Any CPU
		{87FC29EE-418D-4B69-BA22-1A23D9B0279D}.Release|Any CPU.Build.0 = Release|Any CPU
	EndGlobalSection
	GlobalSection(SolutionProperties) = preSolution
		HideSolutionNode = FALSE
	EndGlobalSection
	GlobalSection(ExtensibilityGlobals) = postSolution
		SolutionGuid = {7AE43BC3-ECE8-4E87-8C49-7794C1295E32}
	EndGlobalSection
EndGlobal
