
Microsoft Visual Studio Solution File, Format Version 12.00
# Visual Studio Version 16
VisualStudioVersion = 16.0.30717.126
MinimumVisualStudioVersion = 10.0.40219.1
Project("{FAE04EC0-301F-11D3-BF4B-00C04F79EFBC}") = "divisiblebynine", "divisiblebynine\divisiblebynine.csproj", "{CBAA5E82-1616-413B-B2B4-DAD4176065A7}"
EndProject
Global
	GlobalSection(SolutionConfigurationPlatforms) = preSolution
		Debug|Any CPU = Debug|Any CPU
		Release|Any CPU = Release|Any CPU
	EndGlobalSection
	GlobalSection(ProjectConfigurationPlatforms) = postSolution
		{CBAA5E82-1616-413B-B2B4-DAD4176065A7}.Debug|Any CPU.ActiveCfg = Debug|Any CPU
		{CBAA5E82-1616-413B-B2B4-DAD4176065A7}.Debug|Any CPU.Build.0 = Debug|Any CPU
		{CBAA5E82-1616-413B-B2B4-DAD4176065A7}.Release|Any CPU.ActiveCfg = Release|Any CPU
		{CBAA5E82-1616-413B-B2B4-DAD4176065A7}.Release|Any CPU.Build.0 = Release|Any CPU
	EndGlobalSection
	GlobalSection(SolutionProperties) = preSolution
		HideSolutionNode = FALSE
	EndGlobalSection
	GlobalSection(ExtensibilityGlobals) = postSolution
		SolutionGuid = {B82CACD1-965A-4052-BB78-3130C4B2C810}
	EndGlobalSection
EndGlobal
