
Microsoft Visual Studio Solution File, Format Version 12.00
# Visual Studio Version 16
VisualStudioVersion = 16.0.30717.126
MinimumVisualStudioVersion = 10.0.40219.1
Project("{FAE04EC0-301F-11D3-BF4B-00C04F79EFBC}") = "simplecalculation", "simplecalculation\simplecalculation.csproj", "{AFB49B6C-DB6A-4DB3-96BC-923AB9603D01}"
EndProject
Global
	GlobalSection(SolutionConfigurationPlatforms) = preSolution
		Debug|Any CPU = Debug|Any CPU
		Release|Any CPU = Release|Any CPU
	EndGlobalSection
	GlobalSection(ProjectConfigurationPlatforms) = postSolution
		{AFB49B6C-DB6A-4DB3-96BC-923AB9603D01}.Debug|Any CPU.ActiveCfg = Debug|Any CPU
		{AFB49B6C-DB6A-4DB3-96BC-923AB9603D01}.Debug|Any CPU.Build.0 = Debug|Any CPU
		{AFB49B6C-DB6A-4DB3-96BC-923AB9603D01}.Release|Any CPU.ActiveCfg = Release|Any CPU
		{AFB49B6C-DB6A-4DB3-96BC-923AB9603D01}.Release|Any CPU.Build.0 = Release|Any CPU
	EndGlobalSection
	GlobalSection(SolutionProperties) = preSolution
		HideSolutionNode = FALSE
	EndGlobalSection
	GlobalSection(ExtensibilityGlobals) = postSolution
		SolutionGuid = {D0EC29F0-5894-48AC-A4E2-51034DADA8E7}
	EndGlobalSection
EndGlobal
